
Microsoft Visual Studio Solution File, Format Version 12.00
# Visual Studio Version 17
VisualStudioVersion = 17.4.33205.214
MinimumVisualStudioVersion = 10.0.40219.1
Project("{888888A0-9F3D-457C-B088-3A5042F75D52}") = "AndmebaasiHaldamineIseseisevTöö", "AndmebaasiHaldamineIseseisevTöö.pyproj", "{3CC96BA9-69BE-4E75-AE1C-BE55021BC52D}"
EndProject
Global
	GlobalSection(SolutionConfigurationPlatforms) = preSolution
		Debug|Any CPU = Debug|Any CPU
		Release|Any CPU = Release|Any CPU
	EndGlobalSection
	GlobalSection(ProjectConfigurationPlatforms) = postSolution
		{3CC96BA9-69BE-4E75-AE1C-BE55021BC52D}.Debug|Any CPU.ActiveCfg = Debug|Any CPU
		{3CC96BA9-69BE-4E75-AE1C-BE55021BC52D}.Release|Any CPU.ActiveCfg = Release|Any CPU
	EndGlobalSection
	GlobalSection(SolutionProperties) = preSolution
		HideSolutionNode = FALSE
	EndGlobalSection
	GlobalSection(ExtensibilityGlobals) = postSolution
		SolutionGuid = {FE923A15-5BBB-4E3F-ABFD-A9D7540EDE9B}
	EndGlobalSection
EndGlobal
